
Microsoft Visual Studio Solution File, Format Version 12.00
# Visual Studio Version 17
VisualStudioVersion = 17.7.34018.315
MinimumVisualStudioVersion = 10.0.40219.1
Project("{FAE04EC0-301F-11D3-BF4B-00C04F79EFBC}") = "Jmcarrasc0.Blazor.Loading", "Jmcarrasc0.Blazor.Loading\Jmcarrasc0.Blazor.Loading.csproj", "{F52304E0-3847-42D7-B571-2ACE6CA8A669}"
EndProject
Global
	GlobalSection(SolutionConfigurationPlatforms) = preSolution
		Debug|Any CPU = Debug|Any CPU
		Release|Any CPU = Release|Any CPU
	EndGlobalSection
	GlobalSection(ProjectConfigurationPlatforms) = postSolution
		{F52304E0-3847-42D7-B571-2ACE6CA8A669}.Debug|Any CPU.ActiveCfg = Debug|Any CPU
		{F52304E0-3847-42D7-B571-2ACE6CA8A669}.Debug|Any CPU.Build.0 = Debug|Any CPU
		{F52304E0-3847-42D7-B571-2ACE6CA8A669}.Release|Any CPU.ActiveCfg = Release|Any CPU
		{F52304E0-3847-42D7-B571-2ACE6CA8A669}.Release|Any CPU.Build.0 = Release|Any CPU
	EndGlobalSection
	GlobalSection(SolutionProperties) = preSolution
		HideSolutionNode = FALSE
	EndGlobalSection
	GlobalSection(ExtensibilityGlobals) = postSolution
		SolutionGuid = {58575E76-9707-416C-96CD-7BD6F8C285DC}
	EndGlobalSection
EndGlobal
